
Microsoft Visual Studio Solution File, Format Version 12.00
# Visual Studio Version 17
VisualStudioVersion = 17.0.31903.59
MinimumVisualStudioVersion = 10.0.40219.1
Project("{FAE04EC0-301F-11D3-BF4B-00C04F79EFBC}") = "SB.BACKEND.Api", "src\SB.BACKEND.Api\SB.BACKEND.Api.csproj", "{0B514CEF-E503-451A-A99C-77353151CF72}"
EndProject
Project("{FAE04EC0-301F-11D3-BF4B-00C04F79EFBC}") = "SB.BACKEND.Application", "src\SB.BACKEND.Application\SB.BACKEND.Application.csproj", "{037F10D3-1AAF-46D7-B5A7-93ACC7650FE8}"
EndProject
Project("{FAE04EC0-301F-11D3-BF4B-00C04F79EFBC}") = "SB.BACKEND.Domain", "src\SB.BACKEND.Domain\SB.BACKEND.Domain.csproj", "{4268C7C7-8498-4C48-B7A4-9721051CE9F6}"
EndProject
Project("{FAE04EC0-301F-11D3-BF4B-00C04F79EFBC}") = "SB.BACKEND.Infrastructure", "src\SB.BACKEND.Infrastructure\SB.BACKEND.Infrastructure.csproj", "{2D2E95EF-751B-42D6-8EC3-D18759A9EA22}"
EndProject
Project("{FAE04EC0-301F-11D3-BF4B-00C04F79EFBC}") = "SB.BACKEND.Services", "src\SB.BACKEND.Services\SB.BACKEND.Services.csproj", "{B2C310EF-965B-47FA-A784-0F598A70AA7C}"
EndProject
Project("{2150E333-8FDC-42A3-9474-1A3956D46DE8}") = "tests", "tests", "{0AB3BF05-4346-4AA6-1389-037BE0695223}"
EndProject
Project("{FAE04EC0-301F-11D3-BF4B-00C04F79EFBC}") = "SB.BACKEND.Tests", "tests\SB.BACKEND.Tests\SB.BACKEND.Tests.csproj", "{B25529B5-2A30-4E91-8D95-E66CC11045D1}"
EndProject
Project("{2150E333-8FDC-42A3-9474-1A3956D46DE8}") = "src", "src", "{827E0CD3-B72D-47B6-A68D-7590B98EB39B}"
EndProject
Global
	GlobalSection(SolutionConfigurationPlatforms) = preSolution
		Debug|Any CPU = Debug|Any CPU
		Debug|x64 = Debug|x64
		Debug|x86 = Debug|x86
		Release|Any CPU = Release|Any CPU
		Release|x64 = Release|x64
		Release|x86 = Release|x86
	EndGlobalSection
	GlobalSection(ProjectConfigurationPlatforms) = postSolution
		{0B514CEF-E503-451A-A99C-77353151CF72}.Debug|Any CPU.ActiveCfg = Debug|Any CPU
		{0B514CEF-E503-451A-A99C-77353151CF72}.Debug|Any CPU.Build.0 = Debug|Any CPU
		{0B514CEF-E503-451A-A99C-77353151CF72}.Debug|x64.ActiveCfg = Debug|Any CPU
		{0B514CEF-E503-451A-A99C-77353151CF72}.Debug|x64.Build.0 = Debug|Any CPU
		{0B514CEF-E503-451A-A99C-77353151CF72}.Debug|x86.ActiveCfg = Debug|Any CPU
		{0B514CEF-E503-451A-A99C-77353151CF72}.Debug|x86.Build.0 = Debug|Any CPU
		{0B514CEF-E503-451A-A99C-77353151CF72}.Release|Any CPU.ActiveCfg = Release|Any CPU
		{0B514CEF-E503-451A-A99C-77353151CF72}.Release|Any CPU.Build.0 = Release|Any CPU
		{0B514CEF-E503-451A-A99C-77353151CF72}.Release|x64.ActiveCfg = Release|Any CPU
		{0B514CEF-E503-451A-A99C-77353151CF72}.Release|x64.Build.0 = Release|Any CPU
		{0B514CEF-E503-451A-A99C-77353151CF72}.Release|x86.ActiveCfg = Release|Any CPU
		{0B514CEF-E503-451A-A99C-77353151CF72}.Release|x86.Build.0 = Release|Any CPU
		{037F10D3-1AAF-46D7-B5A7-93ACC7650FE8}.Debug|Any CPU.ActiveCfg = Debug|Any CPU
		{037F10D3-1AAF-46D7-B5A7-93ACC7650FE8}.Debug|Any CPU.Build.0 = Debug|Any CPU
		{037F10D3-1AAF-46D7-B5A7-93ACC7650FE8}.Debug|x64.ActiveCfg = Debug|Any CPU
		{037F10D3-1AAF-46D7-B5A7-93ACC7650FE8}.Debug|x64.Build.0 = Debug|Any CPU
		{037F10D3-1AAF-46D7-B5A7-93ACC7650FE8}.Debug|x86.ActiveCfg = Debug|Any CPU
		{037F10D3-1AAF-46D7-B5A7-93ACC7650FE8}.Debug|x86.Build.0 = Debug|Any CPU
		{037F10D3-1AAF-46D7-B5A7-93ACC7650FE8}.Release|Any CPU.ActiveCfg = Release|Any CPU
		{037F10D3-1AAF-46D7-B5A7-93ACC7650FE8}.Release|Any CPU.Build.0 = Release|Any CPU
		{037F10D3-1AAF-46D7-B5A7-93ACC7650FE8}.Release|x64.ActiveCfg = Release|Any CPU
		{037F10D3-1AAF-46D7-B5A7-93ACC7650FE8}.Release|x64.Build.0 = Release|Any CPU
		{037F10D3-1AAF-46D7-B5A7-93ACC7650FE8}.Release|x86.ActiveCfg = Release|Any CPU
		{037F10D3-1AAF-46D7-B5A7-93ACC7650FE8}.Release|x86.Build.0 = Release|Any CPU
		{4268C7C7-8498-4C48-B7A4-9721051CE9F6}.Debug|Any CPU.ActiveCfg = Debug|Any CPU
		{4268C7C7-8498-4C48-B7A4-9721051CE9F6}.Debug|Any CPU.Build.0 = Debug|Any CPU
		{4268C7C7-8498-4C48-B7A4-9721051CE9F6}.Debug|x64.ActiveCfg = Debug|Any CPU
		{4268C7C7-8498-4C48-B7A4-9721051CE9F6}.Debug|x64.Build.0 = Debug|Any CPU
		{4268C7C7-8498-4C48-B7A4-9721051CE9F6}.Debug|x86.ActiveCfg = Debug|Any CPU
		{4268C7C7-8498-4C48-B7A4-9721051CE9F6}.Debug|x86.Build.0 = Debug|Any CPU
		{4268C7C7-8498-4C48-B7A4-9721051CE9F6}.Release|Any CPU.ActiveCfg = Release|Any CPU
		{4268C7C7-8498-4C48-B7A4-9721051CE9F6}.Release|Any CPU.Build.0 = Release|Any CPU
		{4268C7C7-8498-4C48-B7A4-9721051CE9F6}.Release|x64.ActiveCfg = Release|Any CPU
		{4268C7C7-8498-4C48-B7A4-9721051CE9F6}.Release|x64.Build.0 = Release|Any CPU
		{4268C7C7-8498-4C48-B7A4-9721051CE9F6}.Release|x86.ActiveCfg = Release|Any CPU
		{4268C7C7-8498-4C48-B7A4-9721051CE9F6}.Release|x86.Build.0 = Release|Any CPU
		{2D2E95EF-751B-42D6-8EC3-D18759A9EA22}.Debug|Any CPU.ActiveCfg = Debug|Any CPU
		{2D2E95EF-751B-42D6-8EC3-D18759A9EA22}.Debug|Any CPU.Build.0 = Debug|Any CPU
		{2D2E95EF-751B-42D6-8EC3-D18759A9EA22}.Debug|x64.ActiveCfg = Debug|Any CPU
		{2D2E95EF-751B-42D6-8EC3-D18759A9EA22}.Debug|x64.Build.0 = Debug|Any CPU
		{2D2E95EF-751B-42D6-8EC3-D18759A9EA22}.Debug|x86.ActiveCfg = Debug|Any CPU
		{2D2E95EF-751B-42D6-8EC3-D18759A9EA22}.Debug|x86.Build.0 = Debug|Any CPU
		{2D2E95EF-751B-42D6-8EC3-D18759A9EA22}.Release|Any CPU.ActiveCfg = Release|Any CPU
		{2D2E95EF-751B-42D6-8EC3-D18759A9EA22}.Release|Any CPU.Build.0 = Release|Any CPU
		{2D2E95EF-751B-42D6-8EC3-D18759A9EA22}.Release|x64.ActiveCfg = Release|Any CPU
		{2D2E95EF-751B-42D6-8EC3-D18759A9EA22}.Release|x64.Build.0 = Release|Any CPU
		{2D2E95EF-751B-42D6-8EC3-D18759A9EA22}.Release|x86.ActiveCfg = Release|Any CPU
		{2D2E95EF-751B-42D6-8EC3-D18759A9EA22}.Release|x86.Build.0 = Release|Any CPU
		{B2C310EF-965B-47FA-A784-0F598A70AA7C}.Debug|Any CPU.ActiveCfg = Debug|Any CPU
		{B2C310EF-965B-47FA-A784-0F598A70AA7C}.Debug|Any CPU.Build.0 = Debug|Any CPU
		{B2C310EF-965B-47FA-A784-0F598A70AA7C}.Debug|x64.ActiveCfg = Debug|Any CPU
		{B2C310EF-965B-47FA-A784-0F598A70AA7C}.Debug|x64.Build.0 = Debug|Any CPU
		{B2C310EF-965B-47FA-A784-0F598A70AA7C}.Debug|x86.ActiveCfg = Debug|Any CPU
		{B2C310EF-965B-47FA-A784-0F598A70AA7C}.Debug|x86.Build.0 = Debug|Any CPU
		{B2C310EF-965B-47FA-A784-0F598A70AA7C}.Release|Any CPU.ActiveCfg = Release|Any CPU
		{B2C310EF-965B-47FA-A784-0F598A70AA7C}.Release|Any CPU.Build.0 = Release|Any CPU
		{B2C310EF-965B-47FA-A784-0F598A70AA7C}.Release|x64.ActiveCfg = Release|Any CPU
		{B2C310EF-965B-47FA-A784-0F598A70AA7C}.Release|x64.Build.0 = Release|Any CPU
		{B2C310EF-965B-47FA-A784-0F598A70AA7C}.Release|x86.ActiveCfg = Release|Any CPU
		{B2C310EF-965B-47FA-A784-0F598A70AA7C}.Release|x86.Build.0 = Release|Any CPU
		{B25529B5-2A30-4E91-8D95-E66CC11045D1}.Debug|Any CPU.ActiveCfg = Debug|Any CPU
		{B25529B5-2A30-4E91-8D95-E66CC11045D1}.Debug|Any CPU.Build.0 = Debug|Any CPU
		{B25529B5-2A30-4E91-8D95-E66CC11045D1}.Debug|x64.ActiveCfg = Debug|Any CPU
		{B25529B5-2A30-4E91-8D95-E66CC11045D1}.Debug|x64.Build.0 = Debug|Any CPU
		{B25529B5-2A30-4E91-8D95-E66CC11045D1}.Debug|x86.ActiveCfg = Debug|Any CPU
		{B25529B5-2A30-4E91-8D95-E66CC11045D1}.Debug|x86.Build.0 = Debug|Any CPU
		{B25529B5-2A30-4E91-8D95-E66CC11045D1}.Release|Any CPU.ActiveCfg = Release|Any CPU
		{B25529B5-2A30-4E91-8D95-E66CC11045D1}.Release|Any CPU.Build.0 = Release|Any CPU
		{B25529B5-2A30-4E91-8D95-E66CC11045D1}.Release|x64.ActiveCfg = Release|Any CPU
		{B25529B5-2A30-4E91-8D95-E66CC11045D1}.Release|x64.Build.0 = Release|Any CPU
		{B25529B5-2A30-4E91-8D95-E66CC11045D1}.Release|x86.ActiveCfg = Release|Any CPU
		{B25529B5-2A30-4E91-8D95-E66CC11045D1}.Release|x86.Build.0 = Release|Any CPU
	EndGlobalSection
	GlobalSection(SolutionProperties) = preSolution
		HideSolutionNode = FALSE
	EndGlobalSection
	GlobalSection(NestedProjects) = preSolution
		{B25529B5-2A30-4E91-8D95-E66CC11045D1} = {0AB3BF05-4346-4AA6-1389-037BE0695223}
	EndGlobalSection
EndGlobal
